
Microsoft Visual Studio Solution File, Format Version 12.00
# Visual Studio Version 17
VisualStudioVersion = 17.5.33530.505
MinimumVisualStudioVersion = 10.0.40219.1
Project("{FAE04EC0-301F-11D3-BF4B-00C04F79EFBC}") = "FFX PCSX2 Cheater", "FFX PCSX2 Cheater\FFX PCSX2 Cheater.csproj", "{6391CF96-C0FD-4137-9308-D3A0363E4BA8}"
EndProject
Global
	GlobalSection(SolutionConfigurationPlatforms) = preSolution
		Debug|Any CPU = Debug|Any CPU
		Release|Any CPU = Release|Any CPU
	EndGlobalSection
	GlobalSection(ProjectConfigurationPlatforms) = postSolution
		{6391CF96-C0FD-4137-9308-D3A0363E4BA8}.Debug|Any CPU.ActiveCfg = Debug|Any CPU
		{6391CF96-C0FD-4137-9308-D3A0363E4BA8}.Debug|Any CPU.Build.0 = Debug|Any CPU
		{6391CF96-C0FD-4137-9308-D3A0363E4BA8}.Release|Any CPU.ActiveCfg = Release|Any CPU
		{6391CF96-C0FD-4137-9308-D3A0363E4BA8}.Release|Any CPU.Build.0 = Release|Any CPU
	EndGlobalSection
	GlobalSection(SolutionProperties) = preSolution
		HideSolutionNode = FALSE
	EndGlobalSection
	GlobalSection(ExtensibilityGlobals) = postSolution
		SolutionGuid = {4ACFE211-1F49-4C5B-B623-6E19880F9385}
	EndGlobalSection
EndGlobal
